hash: 1099a48304ec01e11528392e556bd8751758603684787ce90b1e3540760642de
updated: 2018-06-17T22:33:54.423071+08:00
imports:
- name: github.com/BurntSushi/toml
  version: a368813c5e648fee92e5f6c30e3944ff9d5e8895
- name: github.com/inconshreveable/mousetrap
  version: 76626ae9c91c4f2a10f34cad8ce83ea42c93bb75
- name: github.com/philchia/agollo
  version: cb85e9a00a16124f99a74bd33367ab7b40dc3656
- name: github.com/spf13/cobra
  version: ef82de70bb3f60c65fb8eebacbb2d122ef517385
- name: github.com/spf13/pflag
  version: 583c0c0531f06d5278b7d917446061adc344b5cd
testImports: []
